
Microsoft Visual Studio Solution File, Format Version 12.00
# Visual Studio Version 17
VisualStudioVersion = 17.11.35312.102
MinimumVisualStudioVersion = 10.0.40219.1
Project("{9A19103F-16F7-4668-BE54-9A1E7A4F7556}") = "FastFoodDelivery", "FastFoodDelivery\FastFoodDelivery.csproj", "{C0EBB928-1659-47F9-B4DF-CB349206DA34}"
EndProject
Project("{54435603-DBB4-11D2-8724-00A0C9A8B90C}") = "SetupProduct", "SetupProduct\SetupProduct.vdproj", "{1B0C7FBC-F23A-42CE-B662-2294B476576E}"
EndProject
Global
	GlobalSection(SolutionConfigurationPlatforms) = preSolution
		Debug|Any CPU = Debug|Any CPU
		Release|Any CPU = Release|Any CPU
	EndGlobalSection
	GlobalSection(ProjectConfigurationPlatforms) = postSolution
		{C0EBB928-1659-47F9-B4DF-CB349206DA34}.Debug|Any CPU.ActiveCfg = Debug|Any CPU
		{C0EBB928-1659-47F9-B4DF-CB349206DA34}.Debug|Any CPU.Build.0 = Debug|Any CPU
		{C0EBB928-1659-47F9-B4DF-CB349206DA34}.Release|Any CPU.ActiveCfg = Release|Any CPU
		{C0EBB928-1659-47F9-B4DF-CB349206DA34}.Release|Any CPU.Build.0 = Release|Any CPU
		{1B0C7FBC-F23A-42CE-B662-2294B476576E}.Debug|Any CPU.ActiveCfg = Debug
		{1B0C7FBC-F23A-42CE-B662-2294B476576E}.Release|Any CPU.ActiveCfg = Release
	EndGlobalSection
	GlobalSection(SolutionProperties) = preSolution
		HideSolutionNode = FALSE
	EndGlobalSection
	GlobalSection(ExtensibilityGlobals) = postSolution
		SolutionGuid = {CBC5296F-04E9-41D4-B26F-785CB2A1367D}
	EndGlobalSection
EndGlobal
